<?xml version="1.0" encoding="utf-8"?>
<Project ToolsVersion="4.0" xmlns="http://schemas.microsoft.com/developer/msbuild/2003">
  <ItemGroup>
    <Filter Include="Source Files">
      <UniqueIdentifier>{4FC737F1-C7A5-4376-A066-2A32D752A2FF}</UniqueIdentifier>
      <Extensions>cpp;c;cc;cxx;def;odl;idl;hpj;bat;asm;asmx</Extensions>
    </Filter>
    <Filter Include="Header Files">
      <UniqueIdentifier>{93995380-89BD-4b04-88EB-625FBE52EBFB}</UniqueIdentifier>
      <Extensions>h;hh;hpp;hxx;hm;inl;inc;xsd</Extensions>
    </Filter>
    <Filter Include="Resource Files">
      <UniqueIdentifier>{67DA6AB6-F800-4c08-8B7A-83BB121AAD01}</UniqueIdentifier>
      <Extensions>rc;ico;cur;bmp;dlg;rc2;rct;bin;rgs;gif;jpg;jpeg;jpe;resx;tiff;tif;png;wav;mfcribbon-ms</Extensions>
    </Filter>
    <Filter Include="Shaders">
      <UniqueIdentifier>{73ec65b4-9a4e-40c9-ad87-8d32f558105a}</UniqueIdentifier>
    </Filter>
  </ItemGroup>
  <ItemGroup>
    <ClCompile Include="Renderer.cpp">
      <Filter>Source Files</Filter>
    </ClCompile>
    <ClCompile Include="ToolFunctions.cpp">
      <Filter>Source Files</Filter>
    </ClCompile>
    <ClCompile Include="EnvLight.cpp">
      <Filter>Source Files</Filter>
    </ClCompile>
    <ClCompile Include="..\..\..\OpenGL_Libraries\include\TOOLS\model.cpp">
      <Filter>Source Files</Filter>
    </ClCompile>
    <ClCompile Include="Transfer.cpp">
      <Filter>Source Files</Filter>
    </ClCompile>
    <ClCompile Include="Sampler.cpp">
      <Filter>Source Files</Filter>
    </ClCompile>
    <ClCompile Include="main.cpp">
      <Filter>Source Files</Filter>
    </ClCompile>
  </ItemGroup>
  <ItemGroup>
    <ClInclude Include="SphericalHarmonic.h">
      <Filter>Header Files</Filter>
    </ClInclude>
    <ClInclude Include="EnvLight.h">
      <Filter>Header Files</Filter>
    </ClInclude>
    <ClInclude Include="Renderer.h">
      <Filter>Header Files</Filter>
    </ClInclude>
    <ClInclude Include="ToolFunctions.h">
      <Filter>Header Files</Filter>
    </ClInclude>
    <ClInclude Include="Transfer.h">
      <Filter>Header Files</Filter>
    </ClInclude>
    <ClInclude Include="Sampler.h">
      <Filter>Header Files</Filter>
    </ClInclude>
  </ItemGroup>
  <ItemGroup>
    <None Include="..\WorkSpace\shaders\background.fs">
      <Filter>Shaders</Filter>
    </None>
    <None Include="..\WorkSpace\shaders\background.vs">
      <Filter>Shaders</Filter>
    </None>
    <None Include="..\WorkSpace\shaders\cubemap.fs">
      <Filter>Shaders</Filter>
    </None>
    <None Include="..\WorkSpace\shaders\cubemap.vs">
      <Filter>Shaders</Filter>
    </None>
    <None Include="..\WorkSpace\shaders\irradiance_convolution.fs">
      <Filter>Shaders</Filter>
    </None>
    <None Include="..\WorkSpace\shaders\pbr.fs">
      <Filter>Shaders</Filter>
    </None>
    <None Include="..\WorkSpace\shaders\pbr.vs">
      <Filter>Shaders</Filter>
    </None>
  </ItemGroup>
</Project>